
Microsoft Visual Studio Solution File, Format Version 12.00
# Visual Studio Version 17
VisualStudioVersion = 17.4.33403.182
MinimumVisualStudioVersion = 10.0.40219.1
Project("{9A19103F-16F7-4668-BE54-9A1E7A4F7556}") = "BNI-POC.API", "BNI-POC.API\BNI-POC.API.csproj", "{38E06A74-D4EE-40CF-80B4-C724FB3F6EBB}"
EndProject
Global
	GlobalSection(SolutionConfigurationPlatforms) = preSolution
		Debug|Any CPU = Debug|Any CPU
		Release|Any CPU = Release|Any CPU
	EndGlobalSection
	GlobalSection(ProjectConfigurationPlatforms) = postSolution
		{38E06A74-D4EE-40CF-80B4-C724FB3F6EBB}.Debug|Any CPU.ActiveCfg = Debug|Any CPU
		{38E06A74-D4EE-40CF-80B4-C724FB3F6EBB}.Debug|Any CPU.Build.0 = Debug|Any CPU
		{38E06A74-D4EE-40CF-80B4-C724FB3F6EBB}.Release|Any CPU.ActiveCfg = Release|Any CPU
		{38E06A74-D4EE-40CF-80B4-C724FB3F6EBB}.Release|Any CPU.Build.0 = Release|Any CPU
	EndGlobalSection
	GlobalSection(SolutionProperties) = preSolution
		HideSolutionNode = FALSE
	EndGlobalSection
	GlobalSection(ExtensibilityGlobals) = postSolution
		SolutionGuid = {EA288B25-1BFE-4C46-8C6A-082866B2EBE6}
	EndGlobalSection
EndGlobal
